
Microsoft Visual Studio Solution File, Format Version 12.00
# Visual Studio 15
VisualStudioVersion = 15.0.26430.13
MinimumVisualStudioVersion = 10.0.40219.1
Project("{FAE04EC0-301F-11D3-BF4B-00C04F79EFBC}") = "01. Odd Occurrences", "01. Odd Occurrences\01. Odd Occurrences.csproj", "{28983B3C-9039-4B64-8E8B-8F2CF891C700}"
EndProject
Project("{FAE04EC0-301F-11D3-BF4B-00C04F79EFBC}") = "02. Count Real Numbers", "02. Count Real Numbers\02. Count Real Numbers.csproj", "{8E1296DC-23D9-480B-AA8D-DC15E1F99B2F}"
EndProject
Project("{FAE04EC0-301F-11D3-BF4B-00C04F79EFBC}") = "LiveCode", "LiveCode\LiveCode.csproj", "{EFB49DA8-9D5F-4E05-B32C-8EFEF15B59B2}"
EndProject
Global
	GlobalSection(SolutionConfigurationPlatforms) = preSolution
		Debug|Any CPU = Debug|Any CPU
		Release|Any CPU = Release|Any CPU
	EndGlobalSection
	GlobalSection(ProjectConfigurationPlatforms) = postSolution
		{28983B3C-9039-4B64-8E8B-8F2CF891C700}.Debug|Any CPU.ActiveCfg = Debug|Any CPU
		{28983B3C-9039-4B64-8E8B-8F2CF891C700}.Debug|Any CPU.Build.0 = Debug|Any CPU
		{28983B3C-9039-4B64-8E8B-8F2CF891C700}.Release|Any CPU.ActiveCfg = Release|Any CPU
		{28983B3C-9039-4B64-8E8B-8F2CF891C700}.Release|Any CPU.Build.0 = Release|Any CPU
		{8E1296DC-23D9-480B-AA8D-DC15E1F99B2F}.Debug|Any CPU.ActiveCfg = Debug|Any CPU
		{8E1296DC-23D9-480B-AA8D-DC15E1F99B2F}.Debug|Any CPU.Build.0 = Debug|Any CPU
		{8E1296DC-23D9-480B-AA8D-DC15E1F99B2F}.Release|Any CPU.ActiveCfg = Release|Any CPU
		{8E1296DC-23D9-480B-AA8D-DC15E1F99B2F}.Release|Any CPU.Build.0 = Release|Any CPU
		{EFB49DA8-9D5F-4E05-B32C-8EFEF15B59B2}.Debug|Any CPU.ActiveCfg = Debug|Any CPU
		{EFB49DA8-9D5F-4E05-B32C-8EFEF15B59B2}.Debug|Any CPU.Build.0 = Debug|Any CPU
		{EFB49DA8-9D5F-4E05-B32C-8EFEF15B59B2}.Release|Any CPU.ActiveCfg = Release|Any CPU
		{EFB49DA8-9D5F-4E05-B32C-8EFEF15B59B2}.Release|Any CPU.Build.0 = Release|Any CPU
	EndGlobalSection
	GlobalSection(SolutionProperties) = preSolution
		HideSolutionNode = FALSE
	EndGlobalSection
EndGlobal
