
Microsoft Visual Studio Solution File, Format Version 12.00
# Visual Studio 15
VisualStudioVersion = 15.0.27130.2027
MinimumVisualStudioVersion = 10.0.40219.1
Project("{9A19103F-16F7-4668-BE54-9A1E7A4F7556}") = "01.Person", "01. Person\01.Person.csproj", "{EC596359-0404-4884-B81C-CA267B0AD732}"
EndProject
Project("{9A19103F-16F7-4668-BE54-9A1E7A4F7556}") = "02.BookShop", "02. Book Shop\02.BookShop.csproj", "{3AAE5D64-2EB1-4B74-8132-CB27F3ACF1B2}"
EndProject
Project("{9A19103F-16F7-4668-BE54-9A1E7A4F7556}") = "03.Mankind", "03.Mankind\03.Mankind.csproj", "{044E02FA-C838-4FB6-AF96-3E18FA2DE06C}"
EndProject
Project("{9A19103F-16F7-4668-BE54-9A1E7A4F7556}") = "04.OnlineRadioDatabase", "04.OnlineRadioDatabase\04.OnlineRadioDatabase.csproj", "{63D51E60-D576-433D-816D-E9C0A53FBD98}"
EndProject
Project("{FAE04EC0-301F-11D3-BF4B-00C04F79EFBC}") = "06.Animals", "06.Animals\06.Animals.csproj", "{C91412FE-3CF1-4E1B-83D5-E454F98FADBA}"
EndProject
Global
	GlobalSection(SolutionConfigurationPlatforms) = preSolution
		Debug|Any CPU = Debug|Any CPU
		Release|Any CPU = Release|Any CPU
	EndGlobalSection
	GlobalSection(ProjectConfigurationPlatforms) = postSolution
		{EC596359-0404-4884-B81C-CA267B0AD732}.Debug|Any CPU.ActiveCfg = Debug|Any CPU
		{EC596359-0404-4884-B81C-CA267B0AD732}.Debug|Any CPU.Build.0 = Debug|Any CPU
		{EC596359-0404-4884-B81C-CA267B0AD732}.Release|Any CPU.ActiveCfg = Release|Any CPU
		{EC596359-0404-4884-B81C-CA267B0AD732}.Release|Any CPU.Build.0 = Release|Any CPU
		{3AAE5D64-2EB1-4B74-8132-CB27F3ACF1B2}.Debug|Any CPU.ActiveCfg = Debug|Any CPU
		{3AAE5D64-2EB1-4B74-8132-CB27F3ACF1B2}.Debug|Any CPU.Build.0 = Debug|Any CPU
		{3AAE5D64-2EB1-4B74-8132-CB27F3ACF1B2}.Release|Any CPU.ActiveCfg = Release|Any CPU
		{3AAE5D64-2EB1-4B74-8132-CB27F3ACF1B2}.Release|Any CPU.Build.0 = Release|Any CPU
		{044E02FA-C838-4FB6-AF96-3E18FA2DE06C}.Debug|Any CPU.ActiveCfg = Debug|Any CPU
		{044E02FA-C838-4FB6-AF96-3E18FA2DE06C}.Debug|Any CPU.Build.0 = Debug|Any CPU
		{044E02FA-C838-4FB6-AF96-3E18FA2DE06C}.Release|Any CPU.ActiveCfg = Release|Any CPU
		{044E02FA-C838-4FB6-AF96-3E18FA2DE06C}.Release|Any CPU.Build.0 = Release|Any CPU
		{63D51E60-D576-433D-816D-E9C0A53FBD98}.Debug|Any CPU.ActiveCfg = Debug|Any CPU
		{63D51E60-D576-433D-816D-E9C0A53FBD98}.Debug|Any CPU.Build.0 = Debug|Any CPU
		{63D51E60-D576-433D-816D-E9C0A53FBD98}.Release|Any CPU.ActiveCfg = Release|Any CPU
		{63D51E60-D576-433D-816D-E9C0A53FBD98}.Release|Any CPU.Build.0 = Release|Any CPU
		{C91412FE-3CF1-4E1B-83D5-E454F98FADBA}.Debug|Any CPU.ActiveCfg = Debug|Any CPU
		{C91412FE-3CF1-4E1B-83D5-E454F98FADBA}.Debug|Any CPU.Build.0 = Debug|Any CPU
		{C91412FE-3CF1-4E1B-83D5-E454F98FADBA}.Release|Any CPU.ActiveCfg = Release|Any CPU
		{C91412FE-3CF1-4E1B-83D5-E454F98FADBA}.Release|Any CPU.Build.0 = Release|Any CPU
	EndGlobalSection
	GlobalSection(SolutionProperties) = preSolution
		HideSolutionNode = FALSE
	EndGlobalSection
	GlobalSection(ExtensibilityGlobals) = postSolution
		SolutionGuid = {1590D5DC-EC5B-40ED-9F4D-6E29C80DAC59}
	EndGlobalSection
EndGlobal
