
Microsoft Visual Studio Solution File, Format Version 12.00
# Visual Studio 15
VisualStudioVersion = 15.0.27428.2043
MinimumVisualStudioVersion = 10.0.40219.1
Project("{9A19103F-16F7-4668-BE54-9A1E7A4F7556}") = "P01_HospitalDatabase", "P01_HospitalDatabase\P01_HospitalDatabase.csproj", "{D765A7A6-7BC6-4255-8D71-61ADE840563F}"
EndProject
Project("{FAE04EC0-301F-11D3-BF4B-00C04F79EFBC}") = "Hospital.App", "HospitalStartUp\Hospital.App.csproj", "{D663E810-2E54-4540-B0E6-8129ADE963F0}"
EndProject
Project("{9A19103F-16F7-4668-BE54-9A1E7A4F7556}") = "HospitalDatabaseInitializer", "HospitalDatabaseInitializer\HospitalDatabaseInitializer.csproj", "{FBB3D699-860B-45F4-B624-1D91905B72CB}"
EndProject
Project("{2150E333-8FDC-42A3-9474-1A3956D46DE8}") = "HospitalDatabase", "HospitalDatabase", "{9426E4C9-C95C-4BE5-A908-3849CE71BAC5}"
EndProject
Project("{2150E333-8FDC-42A3-9474-1A3956D46DE8}") = "SalesDatabasae", "SalesDatabasae", "{FB82EFD3-3E8A-40FB-8FBC-C55BAC19FE1A}"
EndProject
Project("{9A19103F-16F7-4668-BE54-9A1E7A4F7556}") = "P03_SalesDatabase", "P03_SalesDatabase\P03_SalesDatabase.csproj", "{FA91C8BA-E504-44BF-8962-637296D183C2}"
EndProject
Global
	GlobalSection(SolutionConfigurationPlatforms) = preSolution
		Debug|Any CPU = Debug|Any CPU
		Release|Any CPU = Release|Any CPU
	EndGlobalSection
	GlobalSection(ProjectConfigurationPlatforms) = postSolution
		{D765A7A6-7BC6-4255-8D71-61ADE840563F}.Debug|Any CPU.ActiveCfg = Debug|Any CPU
		{D765A7A6-7BC6-4255-8D71-61ADE840563F}.Debug|Any CPU.Build.0 = Debug|Any CPU
		{D765A7A6-7BC6-4255-8D71-61ADE840563F}.Release|Any CPU.ActiveCfg = Release|Any CPU
		{D765A7A6-7BC6-4255-8D71-61ADE840563F}.Release|Any CPU.Build.0 = Release|Any CPU
		{D663E810-2E54-4540-B0E6-8129ADE963F0}.Debug|Any CPU.ActiveCfg = Debug|Any CPU
		{D663E810-2E54-4540-B0E6-8129ADE963F0}.Debug|Any CPU.Build.0 = Debug|Any CPU
		{D663E810-2E54-4540-B0E6-8129ADE963F0}.Release|Any CPU.ActiveCfg = Release|Any CPU
		{D663E810-2E54-4540-B0E6-8129ADE963F0}.Release|Any CPU.Build.0 = Release|Any CPU
		{FBB3D699-860B-45F4-B624-1D91905B72CB}.Debug|Any CPU.ActiveCfg = Debug|Any CPU
		{FBB3D699-860B-45F4-B624-1D91905B72CB}.Debug|Any CPU.Build.0 = Debug|Any CPU
		{FBB3D699-860B-45F4-B624-1D91905B72CB}.Release|Any CPU.ActiveCfg = Release|Any CPU
		{FBB3D699-860B-45F4-B624-1D91905B72CB}.Release|Any CPU.Build.0 = Release|Any CPU
		{FA91C8BA-E504-44BF-8962-637296D183C2}.Debug|Any CPU.ActiveCfg = Debug|Any CPU
		{FA91C8BA-E504-44BF-8962-637296D183C2}.Debug|Any CPU.Build.0 = Debug|Any CPU
		{FA91C8BA-E504-44BF-8962-637296D183C2}.Release|Any CPU.ActiveCfg = Release|Any CPU
		{FA91C8BA-E504-44BF-8962-637296D183C2}.Release|Any CPU.Build.0 = Release|Any CPU
	EndGlobalSection
	GlobalSection(SolutionProperties) = preSolution
		HideSolutionNode = FALSE
	EndGlobalSection
	GlobalSection(NestedProjects) = preSolution
		{D765A7A6-7BC6-4255-8D71-61ADE840563F} = {9426E4C9-C95C-4BE5-A908-3849CE71BAC5}
		{D663E810-2E54-4540-B0E6-8129ADE963F0} = {9426E4C9-C95C-4BE5-A908-3849CE71BAC5}
		{FBB3D699-860B-45F4-B624-1D91905B72CB} = {9426E4C9-C95C-4BE5-A908-3849CE71BAC5}
		{FA91C8BA-E504-44BF-8962-637296D183C2} = {FB82EFD3-3E8A-40FB-8FBC-C55BAC19FE1A}
	EndGlobalSection
	GlobalSection(ExtensibilityGlobals) = postSolution
		SolutionGuid = {C0218D6D-D912-47EC-973B-8C04A26614F4}
	EndGlobalSection
EndGlobal
