
Microsoft Visual Studio Solution File, Format Version 12.00
# Visual Studio 15
VisualStudioVersion = 15.0.27130.2027
MinimumVisualStudioVersion = 10.0.40219.1
Project("{FAE04EC0-301F-11D3-BF4B-00C04F79EFBC}") = "Minedraft", "Minedraft\Minedraft.csproj", "{F6D55377-99D2-43F0-BE3E-32649B600221}"
EndProject
Global
	GlobalSection(SolutionConfigurationPlatforms) = preSolution
		Debug|Any CPU = Debug|Any CPU
		Release|Any CPU = Release|Any CPU
	EndGlobalSection
	GlobalSection(ProjectConfigurationPlatforms) = postSolution
		{F6D55377-99D2-43F0-BE3E-32649B600221}.Debug|Any CPU.ActiveCfg = Debug|Any CPU
		{F6D55377-99D2-43F0-BE3E-32649B600221}.Debug|Any CPU.Build.0 = Debug|Any CPU
		{F6D55377-99D2-43F0-BE3E-32649B600221}.Release|Any CPU.ActiveCfg = Release|Any CPU
		{F6D55377-99D2-43F0-BE3E-32649B600221}.Release|Any CPU.Build.0 = Release|Any CPU
	EndGlobalSection
	GlobalSection(SolutionProperties) = preSolution
		HideSolutionNode = FALSE
	EndGlobalSection
	GlobalSection(ExtensibilityGlobals) = postSolution
		SolutionGuid = {0541B5CF-892A-425A-8233-6303A90FE3BD}
	EndGlobalSection
EndGlobal
