
Microsoft Visual Studio Solution File, Format Version 12.00
# Visual Studio 15
VisualStudioVersion = 15.0.27703.2042
MinimumVisualStudioVersion = 10.0.40219.1
Project("{FAE04EC0-301F-11D3-BF4B-00C04F79EFBC}") = "Shop.App", "Shop.App\Shop.App.csproj", "{5D012A86-9BDE-437D-B81C-80CBBDE6DA41}"
EndProject
Project("{FAE04EC0-301F-11D3-BF4B-00C04F79EFBC}") = "Shop.Models", "Shop.Models\Shop.Models.csproj", "{6D947AA6-A094-4000-B887-ACB417AD6C03}"
EndProject
Project("{FAE04EC0-301F-11D3-BF4B-00C04F79EFBC}") = "Shop.Data", "Shop.Data\Shop.Data.csproj", "{22358014-7199-4816-BC16-6BF8545EE3A7}"
EndProject
Global
	GlobalSection(SolutionConfigurationPlatforms) = preSolution
		Debug|Any CPU = Debug|Any CPU
		Release|Any CPU = Release|Any CPU
	EndGlobalSection
	GlobalSection(ProjectConfigurationPlatforms) = postSolution
		{5D012A86-9BDE-437D-B81C-80CBBDE6DA41}.Debug|Any CPU.ActiveCfg = Debug|Any CPU
		{5D012A86-9BDE-437D-B81C-80CBBDE6DA41}.Debug|Any CPU.Build.0 = Debug|Any CPU
		{5D012A86-9BDE-437D-B81C-80CBBDE6DA41}.Release|Any CPU.ActiveCfg = Release|Any CPU
		{5D012A86-9BDE-437D-B81C-80CBBDE6DA41}.Release|Any CPU.Build.0 = Release|Any CPU
		{6D947AA6-A094-4000-B887-ACB417AD6C03}.Debug|Any CPU.ActiveCfg = Debug|Any CPU
		{6D947AA6-A094-4000-B887-ACB417AD6C03}.Debug|Any CPU.Build.0 = Debug|Any CPU
		{6D947AA6-A094-4000-B887-ACB417AD6C03}.Release|Any CPU.ActiveCfg = Release|Any CPU
		{6D947AA6-A094-4000-B887-ACB417AD6C03}.Release|Any CPU.Build.0 = Release|Any CPU
		{22358014-7199-4816-BC16-6BF8545EE3A7}.Debug|Any CPU.ActiveCfg = Debug|Any CPU
		{22358014-7199-4816-BC16-6BF8545EE3A7}.Debug|Any CPU.Build.0 = Debug|Any CPU
		{22358014-7199-4816-BC16-6BF8545EE3A7}.Release|Any CPU.ActiveCfg = Release|Any CPU
		{22358014-7199-4816-BC16-6BF8545EE3A7}.Release|Any CPU.Build.0 = Release|Any CPU
	EndGlobalSection
	GlobalSection(SolutionProperties) = preSolution
		HideSolutionNode = FALSE
	EndGlobalSection
	GlobalSection(ExtensibilityGlobals) = postSolution
		SolutionGuid = {E6D84161-525D-44F0-AF15-5D56ECA5ED6A}
	EndGlobalSection
EndGlobal
