
Microsoft Visual Studio Solution File, Format Version 12.00
# Visual Studio 15
VisualStudioVersion = 15.0.26430.13
MinimumVisualStudioVersion = 10.0.40219.1
Project("{FAE04EC0-301F-11D3-BF4B-00C04F79EFBC}") = "RegexTest", "RegexTest\RegexTest.csproj", "{DEC3D3FF-2211-47BC-A558-F99A4DD96655}"
EndProject
Global
	GlobalSection(SolutionConfigurationPlatforms) = preSolution
		Debug|Any CPU = Debug|Any CPU
		Release|Any CPU = Release|Any CPU
	EndGlobalSection
	GlobalSection(ProjectConfigurationPlatforms) = postSolution
		{DEC3D3FF-2211-47BC-A558-F99A4DD96655}.Debug|Any CPU.ActiveCfg = Debug|Any CPU
		{DEC3D3FF-2211-47BC-A558-F99A4DD96655}.Debug|Any CPU.Build.0 = Debug|Any CPU
		{DEC3D3FF-2211-47BC-A558-F99A4DD96655}.Release|Any CPU.ActiveCfg = Release|Any CPU
		{DEC3D3FF-2211-47BC-A558-F99A4DD96655}.Release|Any CPU.Build.0 = Release|Any CPU
	EndGlobalSection
	GlobalSection(SolutionProperties) = preSolution
		HideSolutionNode = FALSE
	EndGlobalSection
EndGlobal
