
Microsoft Visual Studio Solution File, Format Version 12.00
# Visual Studio 15
VisualStudioVersion = 15.0.27130.2024
MinimumVisualStudioVersion = 10.0.40219.1
Project("{FAE04EC0-301F-11D3-BF4B-00C04F79EFBC}") = "01. Sort Even Numbers", "01. Sort Even Numbers\01. Sort Even Numbers.csproj", "{C5210446-399F-4D50-A5C7-3C500C68950D}"
EndProject
Project("{FAE04EC0-301F-11D3-BF4B-00C04F79EFBC}") = "02. Sum Numbers", "02. Sum Numbers\02. Sum Numbers.csproj", "{C474726D-7159-428E-A185-B0C36F21B57C}"
EndProject
Project("{FAE04EC0-301F-11D3-BF4B-00C04F79EFBC}") = "03. Count Uppercase Words", "03. Count Uppercase Words\03. Count Uppercase Words.csproj", "{1D94D201-17E7-4513-9978-3416AB585DD3}"
EndProject
Project("{FAE04EC0-301F-11D3-BF4B-00C04F79EFBC}") = "04. Add VAT", "04. Add VAT\04. Add VAT.csproj", "{567A7A9F-7CA7-4299-ABE6-900ABD956DEE}"
EndProject
Project("{FAE04EC0-301F-11D3-BF4B-00C04F79EFBC}") = "05. Filter By Age", "05. Filter By Age\05. Filter By Age.csproj", "{3586C60E-B18C-4E8D-93C4-02DDA742D4E0}"
EndProject
Global
	GlobalSection(SolutionConfigurationPlatforms) = preSolution
		Debug|Any CPU = Debug|Any CPU
		Release|Any CPU = Release|Any CPU
	EndGlobalSection
	GlobalSection(ProjectConfigurationPlatforms) = postSolution
		{C5210446-399F-4D50-A5C7-3C500C68950D}.Debug|Any CPU.ActiveCfg = Debug|Any CPU
		{C5210446-399F-4D50-A5C7-3C500C68950D}.Debug|Any CPU.Build.0 = Debug|Any CPU
		{C5210446-399F-4D50-A5C7-3C500C68950D}.Release|Any CPU.ActiveCfg = Release|Any CPU
		{C5210446-399F-4D50-A5C7-3C500C68950D}.Release|Any CPU.Build.0 = Release|Any CPU
		{C474726D-7159-428E-A185-B0C36F21B57C}.Debug|Any CPU.ActiveCfg = Debug|Any CPU
		{C474726D-7159-428E-A185-B0C36F21B57C}.Debug|Any CPU.Build.0 = Debug|Any CPU
		{C474726D-7159-428E-A185-B0C36F21B57C}.Release|Any CPU.ActiveCfg = Release|Any CPU
		{C474726D-7159-428E-A185-B0C36F21B57C}.Release|Any CPU.Build.0 = Release|Any CPU
		{1D94D201-17E7-4513-9978-3416AB585DD3}.Debug|Any CPU.ActiveCfg = Debug|Any CPU
		{1D94D201-17E7-4513-9978-3416AB585DD3}.Debug|Any CPU.Build.0 = Debug|Any CPU
		{1D94D201-17E7-4513-9978-3416AB585DD3}.Release|Any CPU.ActiveCfg = Release|Any CPU
		{1D94D201-17E7-4513-9978-3416AB585DD3}.Release|Any CPU.Build.0 = Release|Any CPU
		{567A7A9F-7CA7-4299-ABE6-900ABD956DEE}.Debug|Any CPU.ActiveCfg = Debug|Any CPU
		{567A7A9F-7CA7-4299-ABE6-900ABD956DEE}.Debug|Any CPU.Build.0 = Debug|Any CPU
		{567A7A9F-7CA7-4299-ABE6-900ABD956DEE}.Release|Any CPU.ActiveCfg = Release|Any CPU
		{567A7A9F-7CA7-4299-ABE6-900ABD956DEE}.Release|Any CPU.Build.0 = Release|Any CPU
		{3586C60E-B18C-4E8D-93C4-02DDA742D4E0}.Debug|Any CPU.ActiveCfg = Debug|Any CPU
		{3586C60E-B18C-4E8D-93C4-02DDA742D4E0}.Debug|Any CPU.Build.0 = Debug|Any CPU
		{3586C60E-B18C-4E8D-93C4-02DDA742D4E0}.Release|Any CPU.ActiveCfg = Release|Any CPU
		{3586C60E-B18C-4E8D-93C4-02DDA742D4E0}.Release|Any CPU.Build.0 = Release|Any CPU
	EndGlobalSection
	GlobalSection(SolutionProperties) = preSolution
		HideSolutionNode = FALSE
	EndGlobalSection
	GlobalSection(ExtensibilityGlobals) = postSolution
		SolutionGuid = {85A050A1-D907-4544-B40A-E2E53F107D5A}
	EndGlobalSection
EndGlobal
