
Microsoft Visual Studio Solution File, Format Version 12.00
# Visual Studio 15
VisualStudioVersion = 15.0.26430.13
MinimumVisualStudioVersion = 10.0.40219.1
Project("{FAE04EC0-301F-11D3-BF4B-00C04F79EFBC}") = "01. Letter Repetition", "01. Letter Repetition\01. Letter Repetition.csproj", "{2F00C5FF-59D9-4AD0-BDDF-EA1D0179766D}"
EndProject
Project("{FAE04EC0-301F-11D3-BF4B-00C04F79EFBC}") = "02. Dict-Ref", "02. Dict-Ref\02. Dict-Ref.csproj", "{5D554851-FD1C-4C38-82A8-969A9D69D6B4}"
EndProject
Project("{FAE04EC0-301F-11D3-BF4B-00C04F79EFBC}") = "03. Mixed Phones", "03. Mixed Phones\03. Mixed Phones.csproj", "{371860F2-C216-4648-A1E2-4ACDD1FD1288}"
EndProject
Project("{FAE04EC0-301F-11D3-BF4B-00C04F79EFBC}") = "04. Exam Shopping", "04. Exam Shopping\04. Exam Shopping.csproj", "{C8C92E5B-D737-4E76-BF13-C4838F39E15C}"
EndProject
Project("{FAE04EC0-301F-11D3-BF4B-00C04F79EFBC}") = "05. User Logins", "05. User Logins\05. User Logins.csproj", "{89E5FF8B-5611-4D25-9AF0-CE9DCE33571F}"
EndProject
Project("{FAE04EC0-301F-11D3-BF4B-00C04F79EFBC}") = "06. Filter Base", "06. Filter Base\06. Filter Base.csproj", "{360630E4-D678-444E-A56C-8AC191584D0F}"
EndProject
Global
	GlobalSection(SolutionConfigurationPlatforms) = preSolution
		Debug|Any CPU = Debug|Any CPU
		Release|Any CPU = Release|Any CPU
	EndGlobalSection
	GlobalSection(ProjectConfigurationPlatforms) = postSolution
		{2F00C5FF-59D9-4AD0-BDDF-EA1D0179766D}.Debug|Any CPU.ActiveCfg = Debug|Any CPU
		{2F00C5FF-59D9-4AD0-BDDF-EA1D0179766D}.Debug|Any CPU.Build.0 = Debug|Any CPU
		{2F00C5FF-59D9-4AD0-BDDF-EA1D0179766D}.Release|Any CPU.ActiveCfg = Release|Any CPU
		{2F00C5FF-59D9-4AD0-BDDF-EA1D0179766D}.Release|Any CPU.Build.0 = Release|Any CPU
		{5D554851-FD1C-4C38-82A8-969A9D69D6B4}.Debug|Any CPU.ActiveCfg = Debug|Any CPU
		{5D554851-FD1C-4C38-82A8-969A9D69D6B4}.Debug|Any CPU.Build.0 = Debug|Any CPU
		{5D554851-FD1C-4C38-82A8-969A9D69D6B4}.Release|Any CPU.ActiveCfg = Release|Any CPU
		{5D554851-FD1C-4C38-82A8-969A9D69D6B4}.Release|Any CPU.Build.0 = Release|Any CPU
		{371860F2-C216-4648-A1E2-4ACDD1FD1288}.Debug|Any CPU.ActiveCfg = Debug|Any CPU
		{371860F2-C216-4648-A1E2-4ACDD1FD1288}.Debug|Any CPU.Build.0 = Debug|Any CPU
		{371860F2-C216-4648-A1E2-4ACDD1FD1288}.Release|Any CPU.ActiveCfg = Release|Any CPU
		{371860F2-C216-4648-A1E2-4ACDD1FD1288}.Release|Any CPU.Build.0 = Release|Any CPU
		{C8C92E5B-D737-4E76-BF13-C4838F39E15C}.Debug|Any CPU.ActiveCfg = Debug|Any CPU
		{C8C92E5B-D737-4E76-BF13-C4838F39E15C}.Debug|Any CPU.Build.0 = Debug|Any CPU
		{C8C92E5B-D737-4E76-BF13-C4838F39E15C}.Release|Any CPU.ActiveCfg = Release|Any CPU
		{C8C92E5B-D737-4E76-BF13-C4838F39E15C}.Release|Any CPU.Build.0 = Release|Any CPU
		{89E5FF8B-5611-4D25-9AF0-CE9DCE33571F}.Debug|Any CPU.ActiveCfg = Debug|Any CPU
		{89E5FF8B-5611-4D25-9AF0-CE9DCE33571F}.Debug|Any CPU.Build.0 = Debug|Any CPU
		{89E5FF8B-5611-4D25-9AF0-CE9DCE33571F}.Release|Any CPU.ActiveCfg = Release|Any CPU
		{89E5FF8B-5611-4D25-9AF0-CE9DCE33571F}.Release|Any CPU.Build.0 = Release|Any CPU
		{360630E4-D678-444E-A56C-8AC191584D0F}.Debug|Any CPU.ActiveCfg = Debug|Any CPU
		{360630E4-D678-444E-A56C-8AC191584D0F}.Debug|Any CPU.Build.0 = Debug|Any CPU
		{360630E4-D678-444E-A56C-8AC191584D0F}.Release|Any CPU.ActiveCfg = Release|Any CPU
		{360630E4-D678-444E-A56C-8AC191584D0F}.Release|Any CPU.Build.0 = Release|Any CPU
	EndGlobalSection
	GlobalSection(SolutionProperties) = preSolution
		HideSolutionNode = FALSE
	EndGlobalSection
EndGlobal
