
Microsoft Visual Studio Solution File, Format Version 12.00
# Visual Studio 15
VisualStudioVersion = 15.0.28010.2026
MinimumVisualStudioVersion = 10.0.40219.1
Project("{9A19103F-16F7-4668-BE54-9A1E7A4F7556}") = "01.URL-Decode", "01.URL-Decode\01.URL-Decode.csproj", "{C478391A-CFD0-4E33-8278-9D274C1E8B94}"
EndProject
Project("{9A19103F-16F7-4668-BE54-9A1E7A4F7556}") = "02.ValidateURL", "02.ValidateURL\02.ValidateURL.csproj", "{02FC7F01-A260-4A46-9AD6-E8384DE8EAA4}"
EndProject
Project("{FAE04EC0-301F-11D3-BF4B-00C04F79EFBC}") = "03.RequestParser", "03.RequestParser\03.RequestParser.csproj", "{48E35529-389D-4207-A376-802A6CA82AF3}"
EndProject
Global
	GlobalSection(SolutionConfigurationPlatforms) = preSolution
		Debug|Any CPU = Debug|Any CPU
		Release|Any CPU = Release|Any CPU
	EndGlobalSection
	GlobalSection(ProjectConfigurationPlatforms) = postSolution
		{C478391A-CFD0-4E33-8278-9D274C1E8B94}.Debug|Any CPU.ActiveCfg = Debug|Any CPU
		{C478391A-CFD0-4E33-8278-9D274C1E8B94}.Debug|Any CPU.Build.0 = Debug|Any CPU
		{C478391A-CFD0-4E33-8278-9D274C1E8B94}.Release|Any CPU.ActiveCfg = Release|Any CPU
		{C478391A-CFD0-4E33-8278-9D274C1E8B94}.Release|Any CPU.Build.0 = Release|Any CPU
		{02FC7F01-A260-4A46-9AD6-E8384DE8EAA4}.Debug|Any CPU.ActiveCfg = Debug|Any CPU
		{02FC7F01-A260-4A46-9AD6-E8384DE8EAA4}.Debug|Any CPU.Build.0 = Debug|Any CPU
		{02FC7F01-A260-4A46-9AD6-E8384DE8EAA4}.Release|Any CPU.ActiveCfg = Release|Any CPU
		{02FC7F01-A260-4A46-9AD6-E8384DE8EAA4}.Release|Any CPU.Build.0 = Release|Any CPU
		{48E35529-389D-4207-A376-802A6CA82AF3}.Debug|Any CPU.ActiveCfg = Debug|Any CPU
		{48E35529-389D-4207-A376-802A6CA82AF3}.Debug|Any CPU.Build.0 = Debug|Any CPU
		{48E35529-389D-4207-A376-802A6CA82AF3}.Release|Any CPU.ActiveCfg = Release|Any CPU
		{48E35529-389D-4207-A376-802A6CA82AF3}.Release|Any CPU.Build.0 = Release|Any CPU
	EndGlobalSection
	GlobalSection(SolutionProperties) = preSolution
		HideSolutionNode = FALSE
	EndGlobalSection
	GlobalSection(ExtensibilityGlobals) = postSolution
		SolutionGuid = {A0325195-D7E5-41D1-A9BC-D0256577AC64}
	EndGlobalSection
EndGlobal
